// !$*UTF8*$!
{
	archiveVersion = 1;
	classes = {
	};
	objectVersion = 55;
	objects = {

/* Begin PBXBuildFile section */
		71CF9B64281D886B00587320 /* AppDelegate.swift in Sources */ = {isa = PBXBuildFile; fileRef = 71CF9B63281D886B00587320 /* AppDelegate.swift */; };
		71CF9B66281D886B00587320 /* SceneDelegate.swift in Sources */ = {isa = PBXBuildFile; fileRef = 71CF9B65281D886B00587320 /* SceneDelegate.swift */; };
		71CF9B68281D886B00587320 /* ViewController.swift in Sources */ = {isa = PBXBuildFile; fileRef = 71CF9B67281D886B00587320 /* ViewController.swift */; };
		71CF9B6B281D886B00587320 /* Main.storyboard in Resources */ = {isa = PBXBuildFile; fileRef = 71CF9B69281D886B00587320 /* Main.storyboard */; };
		71CF9B6D281D886C00587320 /* Assets.xcassets in Resources */ = {isa = PBXBuildFile; fileRef = 71CF9B6C281D886C00587320 /* Assets.xcassets */; };
		71CF9B70281D886C00587320 /* LaunchScreen.storyboard in Resources */ = {isa = PBXBuildFile; fileRef = 71CF9B6E281D886C00587320 /* LaunchScreen.storyboard */; };
		71CF9B7B281D886C00587320 /* TestZemogaTests.swift in Sources */ = {isa = PBXBuildFile; fileRef = 71CF9B7A281D886C00587320 /* TestZemogaTests.swift */; };
		71CF9B85281D886C00587320 /* TestZemogaUITests.swift in Sources */ = {isa = PBXBuildFile; fileRef = 71CF9B84281D886C00587320 /* TestZemogaUITests.swift */; };
		71CF9B87281D886C00587320 /* TestZemogaUITestsLaunchTests.swift in Sources */ = {isa = PBXBuildFile; fileRef = 71CF9B86281D886C00587320 /* TestZemogaUITestsLaunchTests.swift */; };
		71CF9B96281D88F800587320 /* Post.swift in Sources */ = {isa = PBXBuildFile; fileRef = 71CF9B95281D88F800587320 /* Post.swift */; };
		71CF9B9C281D899500587320 /* PostLoaderTests.swift in Sources */ = {isa = PBXBuildFile; fileRef = 71CF9B9B281D899500587320 /* PostLoaderTests.swift */; };
		71CF9B9E281D97E100587320 /* RemotePostLoader.swift in Sources */ = {isa = PBXBuildFile; fileRef = 71CF9B9D281D97E100587320 /* RemotePostLoader.swift */; };
		71CF9BA0281D97FD00587320 /* HTTPClient.swift in Sources */ = {isa = PBXBuildFile; fileRef = 71CF9B9F281D97FD00587320 /* HTTPClient.swift */; };
		71CF9BA2281D984300587320 /* URLSessionHTTPClient.swift in Sources */ = {isa = PBXBuildFile; fileRef = 71CF9BA1281D984300587320 /* URLSessionHTTPClient.swift */; };
/* End PBXBuildFile section */

/* Begin PBXContainerItemProxy section */
		71CF9B77281D886C00587320 /* PBXContainerItemProxy */ = {
			isa = PBXContainerItemProxy;
			containerPortal = 71CF9B58281D886B00587320 /* Project object */;
			proxyType = 1;
			remoteGlobalIDString = 71CF9B5F281D886B00587320;
			remoteInfo = TestZemoga;
		};
		71CF9B81281D886C00587320 /* PBXContainerItemProxy */ = {
			isa = PBXContainerItemProxy;
			containerPortal = 71CF9B58281D886B00587320 /* Project object */;
			proxyType = 1;
			remoteGlobalIDString = 71CF9B5F281D886B00587320;
			remoteInfo = TestZemoga;
		};
/* End PBXContainerItemProxy section */

/* Begin PBXFileReference section */
		71CF9B60281D886B00587320 /* TestZemoga.app */ = {isa = PBXFileReference; explicitFileType = wrapper.application; includeInIndex = 0; path = TestZemoga.app; sourceTree = BUILT_PRODUCTS_DIR; };
		71CF9B63281D886B00587320 /* AppDelegate.swift */ = {isa = PBXFileReference; lastKnownFileType = sourcecode.swift; path = AppDelegate.swift; sourceTree = "<group>"; };
		71CF9B65281D886B00587320 /* SceneDelegate.swift */ = {isa = PBXFileReference; lastKnownFileType = sourcecode.swift; path = SceneDelegate.swift; sourceTree = "<group>"; };
		71CF9B67281D886B00587320 /* ViewController.swift */ = {isa = PBXFileReference; lastKnownFileType = sourcecode.swift; path = ViewController.swift; sourceTree = "<group>"; };
		71CF9B6A281D886B00587320 /* Base */ = {isa = PBXFileReference; lastKnownFileType = file.storyboard; name = Base; path = Base.lproj/Main.storyboard; sourceTree = "<group>"; };
		71CF9B6C281D886C00587320 /* Assets.xcassets */ = {isa = PBXFileReference; lastKnownFileType = folder.assetcatalog; path = Assets.xcassets; sourceTree = "<group>"; };
		71CF9B6F281D886C00587320 /* Base */ = {isa = PBXFileReference; lastKnownFileType = file.storyboard; name = Base; path = Base.lproj/LaunchScreen.storyboard; sourceTree = "<group>"; };
		71CF9B71281D886C00587320 /* Info.plist */ = {isa = PBXFileReference; lastKnownFileType = text.plist.xml; path = Info.plist; sourceTree = "<group>"; };
		71CF9B76281D886C00587320 /* TestZemogaTests.xctest */ = {isa = PBXFileReference; explicitFileType = wrapper.cfbundle; includeInIndex = 0; path = TestZemogaTests.xctest; sourceTree = BUILT_PRODUCTS_DIR; };
		71CF9B7A281D886C00587320 /* TestZemogaTests.swift */ = {isa = PBXFileReference; lastKnownFileType = sourcecode.swift; path = TestZemogaTests.swift; sourceTree = "<group>"; };
		71CF9B80281D886C00587320 /* TestZemogaUITests.xctest */ = {isa = PBXFileReference; explicitFileType = wrapper.cfbundle; includeInIndex = 0; path = TestZemogaUITests.xctest; sourceTree = BUILT_PRODUCTS_DIR; };
		71CF9B84281D886C00587320 /* TestZemogaUITests.swift */ = {isa = PBXFileReference; lastKnownFileType = sourcecode.swift; path = TestZemogaUITests.swift; sourceTree = "<group>"; };
		71CF9B86281D886C00587320 /* TestZemogaUITestsLaunchTests.swift */ = {isa = PBXFileReference; lastKnownFileType = sourcecode.swift; path = TestZemogaUITestsLaunchTests.swift; sourceTree = "<group>"; };
		71CF9B95281D88F800587320 /* Post.swift */ = {isa = PBXFileReference; lastKnownFileType = sourcecode.swift; path = Post.swift; sourceTree = "<group>"; };
		71CF9B9B281D899500587320 /* PostLoaderTests.swift */ = {isa = PBXFileReference; lastKnownFileType = sourcecode.swift; path = PostLoaderTests.swift; sourceTree = "<group>"; };
		71CF9B9D281D97E100587320 /* RemotePostLoader.swift */ = {isa = PBXFileReference; lastKnownFileType = sourcecode.swift; path = RemotePostLoader.swift; sourceTree = "<group>"; };
		71CF9B9F281D97FD00587320 /* HTTPClient.swift */ = {isa = PBXFileReference; lastKnownFileType = sourcecode.swift; path = HTTPClient.swift; sourceTree = "<group>"; };
		71CF9BA1281D984300587320 /* URLSessionHTTPClient.swift */ = {isa = PBXFileReference; lastKnownFileType = sourcecode.swift; path = URLSessionHTTPClient.swift; sourceTree = "<group>"; };
/* End PBXFileReference section */

/* Begin PBXFrameworksBuildPhase section */
		71CF9B5D281D886B00587320 /* Frameworks */ = {
			isa = PBXFrameworksBuildPhase;
			buildActionMask = 2147483647;
			files = (
			);
			runOnlyForDeploymentPostprocessing = 0;
		};
		71CF9B73281D886C00587320 /* Frameworks */ = {
			isa = PBXFrameworksBuildPhase;
			buildActionMask = 2147483647;
			files = (
			);
			runOnlyForDeploymentPostprocessing = 0;
		};
		71CF9B7D281D886C00587320 /* Frameworks */ = {
			isa = PBXFrameworksBuildPhase;
			buildActionMask = 2147483647;
			files = (
			);
			runOnlyForDeploymentPostprocessing = 0;
		};
/* End PBXFrameworksBuildPhase section */

/* Begin PBXGroup section */
		71CF9B57281D886B00587320 = {
			isa = PBXGroup;
			children = (
				71CF9B62281D886B00587320 /* TestZemoga */,
				71CF9B79281D886C00587320 /* TestZemogaTests */,
				71CF9B83281D886C00587320 /* TestZemogaUITests */,
				71CF9B61281D886B00587320 /* Products */,
			);
			sourceTree = "<group>";
		};
		71CF9B61281D886B00587320 /* Products */ = {
			isa = PBXGroup;
			children = (
				71CF9B60281D886B00587320 /* TestZemoga.app */,
				71CF9B76281D886C00587320 /* TestZemogaTests.xctest */,
				71CF9B80281D886C00587320 /* TestZemogaUITests.xctest */,
			);
			name = Products;
			sourceTree = "<group>";
		};
		71CF9B62281D886B00587320 /* TestZemoga */ = {
			isa = PBXGroup;
			children = (
				71CF9B94281D88B500587320 /* Feature */,
				71CF9B93281D88AD00587320 /* API */,
				71CF9B63281D886B00587320 /* AppDelegate.swift */,
				71CF9B65281D886B00587320 /* SceneDelegate.swift */,
				71CF9B67281D886B00587320 /* ViewController.swift */,
				71CF9B69281D886B00587320 /* Main.storyboard */,
				71CF9B6C281D886C00587320 /* Assets.xcassets */,
				71CF9B6E281D886C00587320 /* LaunchScreen.storyboard */,
				71CF9B71281D886C00587320 /* Info.plist */,
			);
			path = TestZemoga;
			sourceTree = "<group>";
		};
		71CF9B79281D886C00587320 /* TestZemogaTests */ = {
			isa = PBXGroup;
			children = (
				71CF9B7A281D886C00587320 /* TestZemogaTests.swift */,
				71CF9B9B281D899500587320 /* PostLoaderTests.swift */,
			);
			path = TestZemogaTests;
			sourceTree = "<group>";
		};
		71CF9B83281D886C00587320 /* TestZemogaUITests */ = {
			isa = PBXGroup;
			children = (
				71CF9B84281D886C00587320 /* TestZemogaUITests.swift */,
				71CF9B86281D886C00587320 /* TestZemogaUITestsLaunchTests.swift */,
			);
			path = TestZemogaUITests;
			sourceTree = "<group>";
		};
		71CF9B93281D88AD00587320 /* API */ = {
			isa = PBXGroup;
			children = (
				71CF9B9D281D97E100587320 /* RemotePostLoader.swift */,
				71CF9B9F281D97FD00587320 /* HTTPClient.swift */,
				71CF9BA1281D984300587320 /* URLSessionHTTPClient.swift */,
			);
			path = API;
			sourceTree = "<group>";
		};
		71CF9B94281D88B500587320 /* Feature */ = {
			isa = PBXGroup;
			children = (
				71CF9B95281D88F800587320 /* Post.swift */,
			);
			path = Feature;
			sourceTree = "<group>";
		};
/* End PBXGroup section */

/* Begin PBXNativeTarget section */
		71CF9B5F281D886B00587320 /* TestZemoga */ = {
			isa = PBXNativeTarget;
			buildConfigurationList = 71CF9B8A281D886C00587320 /* Build configuration list for PBXNativeTarget "TestZemoga" */;
			buildPhases = (
				71CF9B5C281D886B00587320 /* Sources */,
				71CF9B5D281D886B00587320 /* Frameworks */,
				71CF9B5E281D886B00587320 /* Resources */,
			);
			buildRules = (
			);
			dependencies = (
			);
			name = TestZemoga;
			productName = TestZemoga;
			productReference = 71CF9B60281D886B00587320 /* TestZemoga.app */;
			productType = "com.apple.product-type.application";
		};
		71CF9B75281D886C00587320 /* TestZemogaTests */ = {
			isa = PBXNativeTarget;
			buildConfigurationList = 71CF9B8D281D886C00587320 /* Build configuration list for PBXNativeTarget "TestZemogaTests" */;
			buildPhases = (
				71CF9B72281D886C00587320 /* Sources */,
				71CF9B73281D886C00587320 /* Frameworks */,
				71CF9B74281D886C00587320 /* Resources */,
			);
			buildRules = (
			);
			dependencies = (
				71CF9B78281D886C00587320 /* PBXTargetDependency */,
			);
			name = TestZemogaTests;
			productName = TestZemogaTests;
			productReference = 71CF9B76281D886C00587320 /* TestZemogaTests.xctest */;
			productType = "com.apple.product-type.bundle.unit-test";
		};
		71CF9B7F281D886C00587320 /* TestZemogaUITests */ = {
			isa = PBXNativeTarget;
			buildConfigurationList = 71CF9B90281D886C00587320 /* Build configuration list for PBXNativeTarget "TestZemogaUITests" */;
			buildPhases = (
				71CF9B7C281D886C00587320 /* Sources */,
				71CF9B7D281D886C00587320 /* Frameworks */,
				71CF9B7E281D886C00587320 /* Resources */,
			);
			buildRules = (
			);
			dependencies = (
				71CF9B82281D886C00587320 /* PBXTargetDependency */,
			);
			name = TestZemogaUITests;
			productName = TestZemogaUITests;
			productReference = 71CF9B80281D886C00587320 /* TestZemogaUITests.xctest */;
			productType = "com.apple.product-type.bundle.ui-testing";
		};
/* End PBXNativeTarget section */

/* Begin PBXProject section */
		71CF9B58281D886B00587320 /* Project object */ = {
			isa = PBXProject;
			attributes = {
				BuildIndependentTargetsInParallel = 1;
				LastSwiftUpdateCheck = 1330;
				LastUpgradeCheck = 1330;
				TargetAttributes = {
					71CF9B5F281D886B00587320 = {
						CreatedOnToolsVersion = 13.3;
					};
					71CF9B75281D886C00587320 = {
						CreatedOnToolsVersion = 13.3;
						TestTargetID = 71CF9B5F281D886B00587320;
					};
					71CF9B7F281D886C00587320 = {
						CreatedOnToolsVersion = 13.3;
						TestTargetID = 71CF9B5F281D886B00587320;
					};
				};
			};
			buildConfigurationList = 71CF9B5B281D886B00587320 /* Build configuration list for PBXProject "TestZemoga" */;
			compatibilityVersion = "Xcode 13.0";
			developmentRegion = en;
			hasScannedForEncodings = 0;
			knownRegions = (
				en,
				Base,
			);
			mainGroup = 71CF9B57281D886B00587320;
			productRefGroup = 71CF9B61281D886B00587320 /* Products */;
			projectDirPath = "";
			projectRoot = "";
			targets = (
				71CF9B5F281D886B00587320 /* TestZemoga */,
				71CF9B75281D886C00587320 /* TestZemogaTests */,
				71CF9B7F281D886C00587320 /* TestZemogaUITests */,
			);
		};
/* End PBXProject section */

/* Begin PBXResourcesBuildPhase section */
		71CF9B5E281D886B00587320 /* Resources */ = {
			isa = PBXResourcesBuildPhase;
			buildActionMask = 2147483647;
			files = (
				71CF9B70281D886C00587320 /* LaunchScreen.storyboard in Resources */,
				71CF9B6D281D886C00587320 /* Assets.xcassets in Resources */,
				71CF9B6B281D886B00587320 /* Main.storyboard in Resources */,
			);
			runOnlyForDeploymentPostprocessing = 0;
		};
		71CF9B74281D886C00587320 /* Resources */ = {
			isa = PBXResourcesBuildPhase;
			buildActionMask = 2147483647;
			files = (
			);
			runOnlyForDeploymentPostprocessing = 0;
		};
		71CF9B7E281D886C00587320 /* Resources */ = {
			isa = PBXResourcesBuildPhase;
			buildActionMask = 2147483647;
			files = (
			);
			runOnlyForDeploymentPostprocessing = 0;
		};
/* End PBXResourcesBuildPhase section */

/* Begin PBXSourcesBuildPhase section */
		71CF9B5C281D886B00587320 /* Sources */ = {
			isa = PBXSourcesBuildPhase;
			buildActionMask = 2147483647;
			files = (
				71CF9BA2281D984300587320 /* URLSessionHTTPClient.swift in Sources */,
				71CF9B68281D886B00587320 /* ViewController.swift in Sources */,
				71CF9B64281D886B00587320 /* AppDelegate.swift in Sources */,
				71CF9BA0281D97FD00587320 /* HTTPClient.swift in Sources */,
				71CF9B9E281D97E100587320 /* RemotePostLoader.swift in Sources */,
				71CF9B66281D886B00587320 /* SceneDelegate.swift in Sources */,
				71CF9B96281D88F800587320 /* Post.swift in Sources */,
			);
			runOnlyForDeploymentPostprocessing = 0;
		};
		71CF9B72281D886C00587320 /* Sources */ = {
			isa = PBXSourcesBuildPhase;
			buildActionMask = 2147483647;
			files = (
				71CF9B9C281D899500587320 /* PostLoaderTests.swift in Sources */,
				71CF9B7B281D886C00587320 /* TestZemogaTests.swift in Sources */,
			);
			runOnlyForDeploymentPostprocessing = 0;
		};
		71CF9B7C281D886C00587320 /* Sources */ = {
			isa = PBXSourcesBuildPhase;
			buildActionMask = 2147483647;
			files = (
				71CF9B85281D886C00587320 /* TestZemogaUITests.swift in Sources */,
				71CF9B87281D886C00587320 /* TestZemogaUITestsLaunchTests.swift in Sources */,
			);
			runOnlyForDeploymentPostprocessing = 0;
		};
/* End PBXSourcesBuildPhase section */

/* Begin PBXTargetDependency section */
		71CF9B78281D886C00587320 /* PBXTargetDependency */ = {
			isa = PBXTargetDependency;
			target = 71CF9B5F281D886B00587320 /* TestZemoga */;
			targetProxy = 71CF9B77281D886C00587320 /* PBXContainerItemProxy */;
		};
		71CF9B82281D886C00587320 /* PBXTargetDependency */ = {
			isa = PBXTargetDependency;
			target = 71CF9B5F281D886B00587320 /* TestZemoga */;
			targetProxy = 71CF9B81281D886C00587320 /* PBXContainerItemProxy */;
		};
/* End PBXTargetDependency section */

/* Begin PBXVariantGroup section */
		71CF9B69281D886B00587320 /* Main.storyboard */ = {
			isa = PBXVariantGroup;
			children = (
				71CF9B6A281D886B00587320 /* Base */,
			);
			name = Main.storyboard;
			sourceTree = "<group>";
		};
		71CF9B6E281D886C00587320 /* LaunchScreen.storyboard */ = {
			isa = PBXVariantGroup;
			children = (
				71CF9B6F281D886C00587320 /* Base */,
			);
			name = LaunchScreen.storyboard;
			sourceTree = "<group>";
		};
/* End PBXVariantGroup section */

/* Begin XCBuildConfiguration section */
		71CF9B88281D886C00587320 /* Debug */ = {
			isa = XCBuildConfiguration;
			buildSettings = {
				ALWAYS_SEARCH_USER_PATHS = NO;
				CLANG_ANALYZER_NONNULL = YES;
				CLANG_ANALYZER_NUMBER_OBJECT_CONVERSION = YES_AGGRESSIVE;
				CLANG_CXX_LANGUAGE_STANDARD = "gnu++17";
				CLANG_ENABLE_MODULES = YES;
				CLANG_ENABLE_OBJC_ARC = YES;
				CLANG_ENABLE_OBJC_WEAK = YES;
				CLANG_WARN_BLOCK_CAPTURE_AUTORELEASING = YES;
				CLANG_WARN_BOOL_CONVERSION = YES;
				CLANG_WARN_COMMA = YES;
				CLANG_WARN_CONSTANT_CONVERSION = YES;
				CLANG_WARN_DEPRECATED_OBJC_IMPLEMENTATIONS = YES;
				CLANG_WARN_DIRECT_OBJC_ISA_USAGE = YES_ERROR;
				CLANG_WARN_DOCUMENTATION_COMMENTS = YES;
				CLANG_WARN_EMPTY_BODY = YES;
				CLANG_WARN_ENUM_CONVERSION = YES;
				CLANG_WARN_INFINITE_RECURSION = YES;
				CLANG_WARN_INT_CONVERSION = YES;
				CLANG_WARN_NON_LITERAL_NULL_CONVERSION = YES;
				CLANG_WARN_OBJC_IMPLICIT_RETAIN_SELF = YES;
				CLANG_WARN_OBJC_LITERAL_CONVERSION = YES;
				CLANG_WARN_OBJC_ROOT_CLASS = YES_ERROR;
				CLANG_WARN_QUOTED_INCLUDE_IN_FRAMEWORK_HEADER = YES;
				CLANG_WARN_RANGE_LOOP_ANALYSIS = YES;
				CLANG_WARN_STRICT_PROTOTYPES = YES;
				CLANG_WARN_SUSPICIOUS_MOVE = YES;
				CLANG_WARN_UNGUARDED_AVAILABILITY = YES_AGGRESSIVE;
				CLANG_WARN_UNREACHABLE_CODE = YES;
				CLANG_WARN__DUPLICATE_METHOD_MATCH = YES;
				COPY_PHASE_STRIP = NO;
				DEBUG_INFORMATION_FORMAT = dwarf;
				ENABLE_STRICT_OBJC_MSGSEND = YES;
				ENABLE_TESTABILITY = YES;
				GCC_C_LANGUAGE_STANDARD = gnu11;
				GCC_DYNAMIC_NO_PIC = NO;
				GCC_NO_COMMON_BLOCKS = YES;
				GCC_OPTIMIZATION_LEVEL = 0;
				GCC_PREPROCESSOR_DEFINITIONS = (
					"DEBUG=1",
					"$(inherited)",
				);
				GCC_WARN_64_TO_32_BIT_CONVERSION = YES;
				GCC_WARN_ABOUT_RETURN_TYPE = YES_ERROR;
				GCC_WARN_UNDECLARED_SELECTOR = YES;
				GCC_WARN_UNINITIALIZED_AUTOS = YES_AGGRESSIVE;
				GCC_WARN_UNUSED_FUNCTION = YES;
				GCC_WARN_UNUSED_VARIABLE = YES;
				IPHONEOS_DEPLOYMENT_TARGET = 15.4;
				MTL_ENABLE_DEBUG_INFO = INCLUDE_SOURCE;
				MTL_FAST_MATH = YES;
				ONLY_ACTIVE_ARCH = YES;
				SDKROOT = iphoneos;
				SWIFT_ACTIVE_COMPILATION_CONDITIONS = DEBUG;
				SWIFT_OPTIMIZATION_LEVEL = "-Onone";
			};
			name = Debug;
		};
		71CF9B89281D886C00587320 /* Release */ = {
			isa = XCBuildConfiguration;
			buildSettings = {
				ALWAYS_SEARCH_USER_PATHS = NO;
				CLANG_ANALYZER_NONNULL = YES;
				CLANG_ANALYZER_NUMBER_OBJECT_CONVERSION = YES_AGGRESSIVE;
				CLANG_CXX_LANGUAGE_STANDARD = "gnu++17";
				CLANG_ENABLE_MODULES = YES;
				CLANG_ENABLE_OBJC_ARC = YES;
				CLANG_ENABLE_OBJC_WEAK = YES;
				CLANG_WARN_BLOCK_CAPTURE_AUTORELEASING = YES;
				CLANG_WARN_BOOL_CONVERSION = YES;
				CLANG_WARN_COMMA = YES;
				CLANG_WARN_CONSTANT_CONVERSION = YES;
				CLANG_WARN_DEPRECATED_OBJC_IMPLEMENTATIONS = YES;
				CLANG_WARN_DIRECT_OBJC_ISA_USAGE = YES_ERROR;
				CLANG_WARN_DOCUMENTATION_COMMENTS = YES;
				CLANG_WARN_EMPTY_BODY = YES;
				CLANG_WARN_ENUM_CONVERSION = YES;
				CLANG_WARN_INFINITE_RECURSION = YES;
				CLANG_WARN_INT_CONVERSION = YES;
				CLANG_WARN_NON_LITERAL_NULL_CONVERSION = YES;
				CLANG_WARN_OBJC_IMPLICIT_RETAIN_SELF = YES;
				CLANG_WARN_OBJC_LITERAL_CONVERSION = YES;
				CLANG_WARN_OBJC_ROOT_CLASS = YES_ERROR;
				CLANG_WARN_QUOTED_INCLUDE_IN_FRAMEWORK_HEADER = YES;
				CLANG_WARN_RANGE_LOOP_ANALYSIS = YES;
				CLANG_WARN_STRICT_PROTOTYPES = YES;
				CLANG_WARN_SUSPICIOUS_MOVE = YES;
				CLANG_WARN_UNGUARDED_AVAILABILITY = YES_AGGRESSIVE;
				CLANG_WARN_UNREACHABLE_CODE = YES;
				CLANG_WARN__DUPLICATE_METHOD_MATCH = YES;
				COPY_PHASE_STRIP = NO;
				DEBUG_INFORMATION_FORMAT = "dwarf-with-dsym";
				ENABLE_NS_ASSERTIONS = NO;
				ENABLE_STRICT_OBJC_MSGSEND = YES;
				GCC_C_LANGUAGE_STANDARD = gnu11;
				GCC_NO_COMMON_BLOCKS = YES;
				GCC_WARN_64_TO_32_BIT_CONVERSION = YES;
				GCC_WARN_ABOUT_RETURN_TYPE = YES_ERROR;
				GCC_WARN_UNDECLARED_SELECTOR = YES;
				GCC_WARN_UNINITIALIZED_AUTOS = YES_AGGRESSIVE;
				GCC_WARN_UNUSED_FUNCTION = YES;
				GCC_WARN_UNUSED_VARIABLE = YES;
				IPHONEOS_DEPLOYMENT_TARGET = 15.4;
				MTL_ENABLE_DEBUG_INFO = NO;
				MTL_FAST_MATH = YES;
				SDKROOT = iphoneos;
				SWIFT_COMPILATION_MODE = wholemodule;
				SWIFT_OPTIMIZATION_LEVEL = "-O";
				VALIDATE_PRODUCT = YES;
			};
			name = Release;
		};
		71CF9B8B281D886C00587320 /* Debug */ = {
			isa = XCBuildConfiguration;
			buildSettings = {
				ASSETCATALOG_COMPILER_APPICON_NAME = AppIcon;
				ASSETCATALOG_COMPILER_GLOBAL_ACCENT_COLOR_NAME = AccentColor;
				CODE_SIGN_STYLE = Automatic;
				CURRENT_PROJECT_VERSION = 1;
				DEVELOPMENT_TEAM = EN79VQJFV3;
				GENERATE_INFOPLIST_FILE = YES;
				INFOPLIST_FILE = TestZemoga/Info.plist;
				INFOPLIST_KEY_UIApplicationSupportsIndirectInputEvents = YES;
				INFOPLIST_KEY_UILaunchStoryboardName = LaunchScreen;
				INFOPLIST_KEY_UIMainStoryboardFile = Main;
				INFOPLIST_KEY_UISupportedInterfaceOrientations_iPad = "UIInterfaceOrientationPortrait UIInterfaceOrientationPortraitUpsideDown UIInterfaceOrientationLandscapeLeft UIInterfaceOrientationLandscapeRight";
				INFOPLIST_KEY_UISupportedInterfaceOrientations_iPhone = "UIInterfaceOrientationPortrait UIInterfaceOrientationLandscapeLeft UIInterfaceOrientationLandscapeRight";
				LD_RUNPATH_SEARCH_PATHS = (
					"$(inherited)",
					"@executable_path/Frameworks",
				);
				MARKETING_VERSION = 1.0;
				PRODUCT_BUNDLE_IDENTIFIER = test.zemoga.com.pg.TestZemoga;
				PRODUCT_NAME = "$(TARGET_NAME)";
				SWIFT_EMIT_LOC_STRINGS = YES;
				SWIFT_VERSION = 5.0;
				TARGETED_DEVICE_FAMILY = "1,2";
			};
			name = Debug;
		};
		71CF9B8C281D886C00587320 /* Release */ = {
			isa = XCBuildConfiguration;
			buildSettings = {
				ASSETCATALOG_COMPILER_APPICON_NAME = AppIcon;
				ASSETCATALOG_COMPILER_GLOBAL_ACCENT_COLOR_NAME = AccentColor;
				CODE_SIGN_STYLE = Automatic;
				CURRENT_PROJECT_VERSION = 1;
				DEVELOPMENT_TEAM = EN79VQJFV3;
				GENERATE_INFOPLIST_FILE = YES;
				INFOPLIST_FILE = TestZemoga/Info.plist;
				INFOPLIST_KEY_UIApplicationSupportsIndirectInputEvents = YES;
				INFOPLIST_KEY_UILaunchStoryboardName = LaunchScreen;
				INFOPLIST_KEY_UIMainStoryboardFile = Main;
				INFOPLIST_KEY_UISupportedInterfaceOrientations_iPad = "UIInterfaceOrientationPortrait UIInterfaceOrientationPortraitUpsideDown UIInterfaceOrientationLandscapeLeft UIInterfaceOrientationLandscapeRight";
				INFOPLIST_KEY_UISupportedInterfaceOrientations_iPhone = "UIInterfaceOrientationPortrait UIInterfaceOrientationLandscapeLeft UIInterfaceOrientationLandscapeRight";
				LD_RUNPATH_SEARCH_PATHS = (
					"$(inherited)",
					"@executable_path/Frameworks",
				);
				MARKETING_VERSION = 1.0;
				PRODUCT_BUNDLE_IDENTIFIER = test.zemoga.com.pg.TestZemoga;
				PRODUCT_NAME = "$(TARGET_NAME)";
				SWIFT_EMIT_LOC_STRINGS = YES;
				SWIFT_VERSION = 5.0;
				TARGETED_DEVICE_FAMILY = "1,2";
			};
			name = Release;
		};
		71CF9B8E281D886C00587320 /* Debug */ = {
			isa = XCBuildConfiguration;
			buildSettings = {
				ALWAYS_EMBED_SWIFT_STANDARD_LIBRARIES = YES;
				BUNDLE_LOADER = "$(TEST_HOST)";
				CODE_SIGN_STYLE = Automatic;
				CURRENT_PROJECT_VERSION = 1;
				DEVELOPMENT_TEAM = EN79VQJFV3;
				GENERATE_INFOPLIST_FILE = YES;
				IPHONEOS_DEPLOYMENT_TARGET = 15.4;
				MARKETING_VERSION = 1.0;
				PRODUCT_BUNDLE_IDENTIFIER = test.zemoga.com.pg.TestZemogaTests;
				PRODUCT_NAME = "$(TARGET_NAME)";
				SWIFT_EMIT_LOC_STRINGS = NO;
				SWIFT_VERSION = 5.0;
				TARGETED_DEVICE_FAMILY = "1,2";
				TEST_HOST = "$(BUILT_PRODUCTS_DIR)/TestZemoga.app/TestZemoga";
			};
			name = Debug;
		};
		71CF9B8F281D886C00587320 /* Release */ = {
			isa = XCBuildConfiguration;
			buildSettings = {
				ALWAYS_EMBED_SWIFT_STANDARD_LIBRARIES = YES;
				BUNDLE_LOADER = "$(TEST_HOST)";
				CODE_SIGN_STYLE = Automatic;
				CURRENT_PROJECT_VERSION = 1;
				DEVELOPMENT_TEAM = EN79VQJFV3;
				GENERATE_INFOPLIST_FILE = YES;
				IPHONEOS_DEPLOYMENT_TARGET = 15.4;
				MARKETING_VERSION = 1.0;
				PRODUCT_BUNDLE_IDENTIFIER = test.zemoga.com.pg.TestZemogaTests;
				PRODUCT_NAME = "$(TARGET_NAME)";
				SWIFT_EMIT_LOC_STRINGS = NO;
				SWIFT_VERSION = 5.0;
				TARGETED_DEVICE_FAMILY = "1,2";
				TEST_HOST = "$(BUILT_PRODUCTS_DIR)/TestZemoga.app/TestZemoga";
			};
			name = Release;
		};
		71CF9B91281D886C00587320 /* Debug */ = {
			isa = XCBuildConfiguration;
			buildSettings = {
				ALWAYS_EMBED_SWIFT_STANDARD_LIBRARIES = YES;
				CODE_SIGN_STYLE = Automatic;
				CURRENT_PROJECT_VERSION = 1;
				DEVELOPMENT_TEAM = EN79VQJFV3;
				GENERATE_INFOPLIST_FILE = YES;
				MARKETING_VERSION = 1.0;
				PRODUCT_BUNDLE_IDENTIFIER = test.zemoga.com.pg.TestZemogaUITests;
				PRODUCT_NAME = "$(TARGET_NAME)";
				SWIFT_EMIT_LOC_STRINGS = NO;
				SWIFT_VERSION = 5.0;
				TARGETED_DEVICE_FAMILY = "1,2";
				TEST_TARGET_NAME = TestZemoga;
			};
			name = Debug;
		};
		71CF9B92281D886C00587320 /* Release */ = {
			isa = XCBuildConfiguration;
			buildSettings = {
				ALWAYS_EMBED_SWIFT_STANDARD_LIBRARIES = YES;
				CODE_SIGN_STYLE = Automatic;
				CURRENT_PROJECT_VERSION = 1;
				DEVELOPMENT_TEAM = EN79VQJFV3;
				GENERATE_INFOPLIST_FILE = YES;
				MARKETING_VERSION = 1.0;
				PRODUCT_BUNDLE_IDENTIFIER = test.zemoga.com.pg.TestZemogaUITests;
				PRODUCT_NAME = "$(TARGET_NAME)";
				SWIFT_EMIT_LOC_STRINGS = NO;
				SWIFT_VERSION = 5.0;
				TARGETED_DEVICE_FAMILY = "1,2";
				TEST_TARGET_NAME = TestZemoga;
			};
			name = Release;
		};
/* End XCBuildConfiguration section */

/* Begin XCConfigurationList section */
		71CF9B5B281D886B00587320 /* Build configuration list for PBXProject "TestZemoga" */ = {
			isa = XCConfigurationList;
			buildConfigurations = (
				71CF9B88281D886C00587320 /* Debug */,
				71CF9B89281D886C00587320 /* Release */,
			);
			defaultConfigurationIsVisible = 0;
			defaultConfigurationName = Release;
		};
		71CF9B8A281D886C00587320 /* Build configuration list for PBXNativeTarget "TestZemoga" */ = {
			isa = XCConfigurationList;
			buildConfigurations = (
				71CF9B8B281D886C00587320 /* Debug */,
				71CF9B8C281D886C00587320 /* Release */,
			);
			defaultConfigurationIsVisible = 0;
			defaultConfigurationName = Release;
		};
		71CF9B8D281D886C00587320 /* Build configuration list for PBXNativeTarget "TestZemogaTests" */ = {
			isa = XCConfigurationList;
			buildConfigurations = (
				71CF9B8E281D886C00587320 /* Debug */,
				71CF9B8F281D886C00587320 /* Release */,
			);
			defaultConfigurationIsVisible = 0;
			defaultConfigurationName = Release;
		};
		71CF9B90281D886C00587320 /* Build configuration list for PBXNativeTarget "TestZemogaUITests" */ = {
			isa = XCConfigurationList;
			buildConfigurations = (
				71CF9B91281D886C00587320 /* Debug */,
				71CF9B92281D886C00587320 /* Release */,
			);
			defaultConfigurationIsVisible = 0;
			defaultConfigurationName = Release;
		};
/* End XCConfigurationList section */
	};
	rootObject = 71CF9B58281D886B00587320 /* Project object */;
}
